
Microsoft Visual Studio Solution File, Format Version 12.00
# Visual Studio Version 16
VisualStudioVersion = 16.0.29905.134
MinimumVisualStudioVersion = 10.0.40219.1
Project("{FAE04EC0-301F-11D3-BF4B-00C04F79EFBC}") = "num 3", "num 3\num 3.csproj", "{59534B90-FF14-4849-A4E0-14CFD5C2D6FB}"
EndProject
Global
	GlobalSection(SolutionConfigurationPlatforms) = preSolution
		Debug|Any CPU = Debug|Any CPU
		Release|Any CPU = Release|Any CPU
	EndGlobalSection
	GlobalSection(ProjectConfigurationPlatforms) = postSolution
		{59534B90-FF14-4849-A4E0-14CFD5C2D6FB}.Debug|Any CPU.ActiveCfg = Debug|Any CPU
		{59534B90-FF14-4849-A4E0-14CFD5C2D6FB}.Debug|Any CPU.Build.0 = Debug|Any CPU
		{59534B90-FF14-4849-A4E0-14CFD5C2D6FB}.Release|Any CPU.ActiveCfg = Release|Any CPU
		{59534B90-FF14-4849-A4E0-14CFD5C2D6FB}.Release|Any CPU.Build.0 = Release|Any CPU
	EndGlobalSection
	GlobalSection(SolutionProperties) = preSolution
		HideSolutionNode = FALSE
	EndGlobalSection
	GlobalSection(ExtensibilityGlobals) = postSolution
		SolutionGuid = {ABBC3E02-F7A5-48CA-9FFF-08D51BAB1049}
	EndGlobalSection
EndGlobal
